// !$*UTF8*$!
{
	archiveVersion = 1;
	classes = {
	};
	objectVersion = 56;
	objects = {

/* Begin PBXBuildFile section */
		3E068E332ADDAAC90004B2D0 /* DisplayBothImagesExitView.swift in Sources */ = {isa = PBXBuildFile; fileRef = 3E068E322ADDAAC90004B2D0 /* DisplayBothImagesExitView.swift */; };
		3E089E8F2ACEEA6F00C13B35 /* HeaderDetailsSpreadsheetView.swift in Sources */ = {isa = PBXBuildFile; fileRef = 3E089E8E2ACEEA6F00C13B35 /* HeaderDetailsSpreadsheetView.swift */; };
		3E089E912AD149D500C13B35 /* HeaderDataSpreadsheetView.swift in Sources */ = {isa = PBXBuildFile; fileRef = 3E089E902AD149D500C13B35 /* HeaderDataSpreadsheetView.swift */; };
		3E089E962AD45DEA00C13B35 /* MainHeaderSpreadsheetView.swift in Sources */ = {isa = PBXBuildFile; fileRef = 3E089E952AD45DEA00C13B35 /* MainHeaderSpreadsheetView.swift */; };
		3E089E992AD551E800C13B35 /* ProtocolData.swift in Sources */ = {isa = PBXBuildFile; fileRef = 3E089E982AD551E800C13B35 /* ProtocolData.swift */; };
		3E163FF52AB260F10058D1CA /* CameraCaptureModelView.swift in Sources */ = {isa = PBXBuildFile; fileRef = 3E163FF42AB260F10058D1CA /* CameraCaptureModelView.swift */; };
		3E163FF92AB34DF80058D1CA /* CaptureFirstImageView.swift in Sources */ = {isa = PBXBuildFile; fileRef = 3E163FF82AB34DF80058D1CA /* CaptureFirstImageView.swift */; };
		3E163FFB2AB34E7E0058D1CA /* CaptureSecondImageView.swift in Sources */ = {isa = PBXBuildFile; fileRef = 3E163FFA2AB34E7E0058D1CA /* CaptureSecondImageView.swift */; };
		3E163FFF2AB3501D0058D1CA /* DisplayBothImagesView.swift in Sources */ = {isa = PBXBuildFile; fileRef = 3E163FFE2AB3501D0058D1CA /* DisplayBothImagesView.swift */; };
		3E1640032AB453DA0058D1CA /* ImageFullScreenView.swift in Sources */ = {isa = PBXBuildFile; fileRef = 3E1640022AB453DA0058D1CA /* ImageFullScreenView.swift */; };
		3E1640072AB492080058D1CA /* SpreadsheetView.swift in Sources */ = {isa = PBXBuildFile; fileRef = 3E1640062AB492080058D1CA /* SpreadsheetView.swift */; };
		3E1640092AB9FDCC0058D1CA /* DataSpreadsheetView.swift in Sources */ = {isa = PBXBuildFile; fileRef = 3E1640082AB9FDCC0058D1CA /* DataSpreadsheetView.swift */; };
		3E2A03792AC2BD0800BD2FCA /* SpreadsheetGraphView.swift in Sources */ = {isa = PBXBuildFile; fileRef = 3E2A03782AC2BD0800BD2FCA /* SpreadsheetGraphView.swift */; };
		3E2B0D792AE98707007A57B7 /* GraphViewModel.swift in Sources */ = {isa = PBXBuildFile; fileRef = 3E2B0D782AE98707007A57B7 /* GraphViewModel.swift */; };
		3E67D8742ABDCD120067A078 /* SpreadsheetViewModel.swift in Sources */ = {isa = PBXBuildFile; fileRef = 3E67D8732ABDCD120067A078 /* SpreadsheetViewModel.swift */; };
		3E88174C2AE6C1B600E0A83C /* GraphView.swift in Sources */ = {isa = PBXBuildFile; fileRef = 3E88174B2AE6C1B600E0A83C /* GraphView.swift */; };
		3E88174E2AE6C28D00E0A83C /* HeaderSpreadsheetView.swift in Sources */ = {isa = PBXBuildFile; fileRef = 3E88174D2AE6C28D00E0A83C /* HeaderSpreadsheetView.swift */; };
		3E8817502AE713FD00E0A83C /* Extensions.swift in Sources */ = {isa = PBXBuildFile; fileRef = 3E88174F2AE713FD00E0A83C /* Extensions.swift */; };
		3E9CCCEA2ABA07420076449B /* MainSpreadsheetView.swift in Sources */ = {isa = PBXBuildFile; fileRef = 3E9CCCE92ABA07420076449B /* MainSpreadsheetView.swift */; };
		3EB82A532AB0F69700A51574 /* EntryImagesView.swift in Sources */ = {isa = PBXBuildFile; fileRef = 3EB82A522AB0F69700A51574 /* EntryImagesView.swift */; };
		3EB82A552AB0F6B100A51574 /* ImagePickerView.swift in Sources */ = {isa = PBXBuildFile; fileRef = 3EB82A542AB0F6B100A51574 /* ImagePickerView.swift */; };
		3EB82A572AB103E900A51574 /* LocationManager.swift in Sources */ = {isa = PBXBuildFile; fileRef = 3EB82A562AB103E900A51574 /* LocationManager.swift */; };
		3EB82A592AB2427200A51574 /* LocationData.swift in Sources */ = {isa = PBXBuildFile; fileRef = 3EB82A582AB2427200A51574 /* LocationData.swift */; };
		3EC9C98E2AB0C67600B3480D /* ProtocolApp.swift in Sources */ = {isa = PBXBuildFile; fileRef = 3EC9C98D2AB0C67600B3480D /* ProtocolApp.swift */; };
		3EC9C9902AB0C67600B3480D /* ContentView.swift in Sources */ = {isa = PBXBuildFile; fileRef = 3EC9C98F2AB0C67600B3480D /* ContentView.swift */; };
		3EC9C9922AB0C67700B3480D /* Assets.xcassets in Resources */ = {isa = PBXBuildFile; fileRef = 3EC9C9912AB0C67700B3480D /* Assets.xcassets */; };
		3EC9C9952AB0C67700B3480D /* Preview Assets.xcassets in Resources */ = {isa = PBXBuildFile; fileRef = 3EC9C9942AB0C67700B3480D /* Preview Assets.xcassets */; };
		3EE0732E2AD56E5A00D7BDCB /* HeaderSpreadsheetViewModel.swift in Sources */ = {isa = PBXBuildFile; fileRef = 3EE0732D2AD56E5A00D7BDCB /* HeaderSpreadsheetViewModel.swift */; };
		3EE073322AD82C0C00D7BDCB /* ExitImagesView.swift in Sources */ = {isa = PBXBuildFile; fileRef = 3EE073312AD82C0C00D7BDCB /* ExitImagesView.swift */; };
		3EE073342AD9397200D7BDCB /* HomeView.swift in Sources */ = {isa = PBXBuildFile; fileRef = 3EE073332AD9397200D7BDCB /* HomeView.swift */; };
		3EE1394F2ADFCBDB00B4C6B4 /* ProtocolPDFView.swift in Sources */ = {isa = PBXBuildFile; fileRef = 3EE1394E2ADFCBDB00B4C6B4 /* ProtocolPDFView.swift */; };
		3EE139512ADFCBEA00B4C6B4 /* ProtocolPDFViewModel.swift in Sources */ = {isa = PBXBuildFile; fileRef = 3EE139502ADFCBEA00B4C6B4 /* ProtocolPDFViewModel.swift */; };
		3EE139542AE66E7800B4C6B4 /* TableSpreadsheetView.swift in Sources */ = {isa = PBXBuildFile; fileRef = 3EE139532AE66E7800B4C6B4 /* TableSpreadsheetView.swift */; };
		3EFA041B2AED564200290D32 /* ProtocolView.swift in Sources */ = {isa = PBXBuildFile; fileRef = 3EFA041A2AED564200290D32 /* ProtocolView.swift */; };
		3EFA041E2AEEF7E300290D32 /* EmailView.swift in Sources */ = {isa = PBXBuildFile; fileRef = 3EFA041D2AEEF7E300290D32 /* EmailView.swift */; };
		3EFA04202AEEF93900290D32 /* EmailViewModel.swift in Sources */ = {isa = PBXBuildFile; fileRef = 3EFA041F2AEEF93900290D32 /* EmailViewModel.swift */; };
		3EFA04222AEFAE9000290D32 /* MailComposeView.swift in Sources */ = {isa = PBXBuildFile; fileRef = 3EFA04212AEFAE9000290D32 /* MailComposeView.swift */; };
/* End PBXBuildFile section */

/* Begin PBXFileReference section */
		3E068E322ADDAAC90004B2D0 /* DisplayBothImagesExitView.swift */ = {isa = PBXFileReference; lastKnownFileType = sourcecode.swift; path = DisplayBothImagesExitView.swift; sourceTree = "<group>"; };
		3E089E8E2ACEEA6F00C13B35 /* HeaderDetailsSpreadsheetView.swift */ = {isa = PBXFileReference; lastKnownFileType = sourcecode.swift; path = HeaderDetailsSpreadsheetView.swift; sourceTree = "<group>"; };
		3E089E902AD149D500C13B35 /* HeaderDataSpreadsheetView.swift */ = {isa = PBXFileReference; lastKnownFileType = sourcecode.swift; path = HeaderDataSpreadsheetView.swift; sourceTree = "<group>"; };
		3E089E952AD45DEA00C13B35 /* MainHeaderSpreadsheetView.swift */ = {isa = PBXFileReference; lastKnownFileType = sourcecode.swift; path = MainHeaderSpreadsheetView.swift; sourceTree = "<group>"; };
		3E089E982AD551E800C13B35 /* ProtocolData.swift */ = {isa = PBXFileReference; lastKnownFileType = sourcecode.swift; path = ProtocolData.swift; sourceTree = "<group>"; };
		3E163FF42AB260F10058D1CA /* CameraCaptureModelView.swift */ = {isa = PBXFileReference; lastKnownFileType = sourcecode.swift; path = CameraCaptureModelView.swift; sourceTree = "<group>"; };
		3E163FF82AB34DF80058D1CA /* CaptureFirstImageView.swift */ = {isa = PBXFileReference; lastKnownFileType = sourcecode.swift; path = CaptureFirstImageView.swift; sourceTree = "<group>"; };
		3E163FFA2AB34E7E0058D1CA /* CaptureSecondImageView.swift */ = {isa = PBXFileReference; lastKnownFileType = sourcecode.swift; path = CaptureSecondImageView.swift; sourceTree = "<group>"; };
		3E163FFE2AB3501D0058D1CA /* DisplayBothImagesView.swift */ = {isa = PBXFileReference; lastKnownFileType = sourcecode.swift; path = DisplayBothImagesView.swift; sourceTree = "<group>"; };
		3E1640022AB453DA0058D1CA /* ImageFullScreenView.swift */ = {isa = PBXFileReference; lastKnownFileType = sourcecode.swift; path = ImageFullScreenView.swift; sourceTree = "<group>"; };
		3E1640062AB492080058D1CA /* SpreadsheetView.swift */ = {isa = PBXFileReference; lastKnownFileType = sourcecode.swift; path = SpreadsheetView.swift; sourceTree = "<group>"; };
		3E1640082AB9FDCC0058D1CA /* DataSpreadsheetView.swift */ = {isa = PBXFileReference; lastKnownFileType = sourcecode.swift; path = DataSpreadsheetView.swift; sourceTree = "<group>"; };
		3E2A03782AC2BD0800BD2FCA /* SpreadsheetGraphView.swift */ = {isa = PBXFileReference; lastKnownFileType = sourcecode.swift; path = SpreadsheetGraphView.swift; sourceTree = "<group>"; };
		3E2B0D782AE98707007A57B7 /* GraphViewModel.swift */ = {isa = PBXFileReference; lastKnownFileType = sourcecode.swift; path = GraphViewModel.swift; sourceTree = "<group>"; };
		3E67D8732ABDCD120067A078 /* SpreadsheetViewModel.swift */ = {isa = PBXFileReference; lastKnownFileType = sourcecode.swift; path = SpreadsheetViewModel.swift; sourceTree = "<group>"; };
		3E88174B2AE6C1B600E0A83C /* GraphView.swift */ = {isa = PBXFileReference; lastKnownFileType = sourcecode.swift; path = GraphView.swift; sourceTree = "<group>"; };
		3E88174D2AE6C28D00E0A83C /* HeaderSpreadsheetView.swift */ = {isa = PBXFileReference; lastKnownFileType = sourcecode.swift; path = HeaderSpreadsheetView.swift; sourceTree = "<group>"; };
		3E88174F2AE713FD00E0A83C /* Extensions.swift */ = {isa = PBXFileReference; lastKnownFileType = sourcecode.swift; path = Extensions.swift; sourceTree = "<group>"; };
		3E9CCCE92ABA07420076449B /* MainSpreadsheetView.swift */ = {isa = PBXFileReference; lastKnownFileType = sourcecode.swift; path = MainSpreadsheetView.swift; sourceTree = "<group>"; };
		3EB82A522AB0F69700A51574 /* EntryImagesView.swift */ = {isa = PBXFileReference; lastKnownFileType = sourcecode.swift; path = EntryImagesView.swift; sourceTree = "<group>"; };
		3EB82A542AB0F6B100A51574 /* ImagePickerView.swift */ = {isa = PBXFileReference; lastKnownFileType = sourcecode.swift; path = ImagePickerView.swift; sourceTree = "<group>"; };
		3EB82A562AB103E900A51574 /* LocationManager.swift */ = {isa = PBXFileReference; lastKnownFileType = sourcecode.swift; path = LocationManager.swift; sourceTree = "<group>"; };
		3EB82A582AB2427200A51574 /* LocationData.swift */ = {isa = PBXFileReference; lastKnownFileType = sourcecode.swift; path = LocationData.swift; sourceTree = "<group>"; };
		3EC9C98A2AB0C67600B3480D /* Protocol.app */ = {isa = PBXFileReference; explicitFileType = wrapper.application; includeInIndex = 0; path = Protocol.app; sourceTree = BUILT_PRODUCTS_DIR; };
		3EC9C98D2AB0C67600B3480D /* ProtocolApp.swift */ = {isa = PBXFileReference; lastKnownFileType = sourcecode.swift; path = ProtocolApp.swift; sourceTree = "<group>"; };
		3EC9C98F2AB0C67600B3480D /* ContentView.swift */ = {isa = PBXFileReference; lastKnownFileType = sourcecode.swift; path = ContentView.swift; sourceTree = "<group>"; };
		3EC9C9912AB0C67700B3480D /* Assets.xcassets */ = {isa = PBXFileReference; lastKnownFileType = folder.assetcatalog; path = Assets.xcassets; sourceTree = "<group>"; };
		3EC9C9942AB0C67700B3480D /* Preview Assets.xcassets */ = {isa = PBXFileReference; lastKnownFileType = folder.assetcatalog; path = "Preview Assets.xcassets"; sourceTree = "<group>"; };
		3EE0732D2AD56E5A00D7BDCB /* HeaderSpreadsheetViewModel.swift */ = {isa = PBXFileReference; lastKnownFileType = sourcecode.swift; path = HeaderSpreadsheetViewModel.swift; sourceTree = "<group>"; };
		3EE073312AD82C0C00D7BDCB /* ExitImagesView.swift */ = {isa = PBXFileReference; lastKnownFileType = sourcecode.swift; path = ExitImagesView.swift; sourceTree = "<group>"; };
		3EE073332AD9397200D7BDCB /* HomeView.swift */ = {isa = PBXFileReference; lastKnownFileType = sourcecode.swift; path = HomeView.swift; sourceTree = "<group>"; };
		3EE1394E2ADFCBDB00B4C6B4 /* ProtocolPDFView.swift */ = {isa = PBXFileReference; lastKnownFileType = sourcecode.swift; path = ProtocolPDFView.swift; sourceTree = "<group>"; };
		3EE139502ADFCBEA00B4C6B4 /* ProtocolPDFViewModel.swift */ = {isa = PBXFileReference; lastKnownFileType = sourcecode.swift; path = ProtocolPDFViewModel.swift; sourceTree = "<group>"; };
		3EE139532AE66E7800B4C6B4 /* TableSpreadsheetView.swift */ = {isa = PBXFileReference; lastKnownFileType = sourcecode.swift; path = TableSpreadsheetView.swift; sourceTree = "<group>"; };
		3EFA041A2AED564200290D32 /* ProtocolView.swift */ = {isa = PBXFileReference; lastKnownFileType = sourcecode.swift; path = ProtocolView.swift; sourceTree = "<group>"; };
		3EFA041D2AEEF7E300290D32 /* EmailView.swift */ = {isa = PBXFileReference; lastKnownFileType = sourcecode.swift; path = EmailView.swift; sourceTree = "<group>"; };
		3EFA041F2AEEF93900290D32 /* EmailViewModel.swift */ = {isa = PBXFileReference; lastKnownFileType = sourcecode.swift; path = EmailViewModel.swift; sourceTree = "<group>"; };
		3EFA04212AEFAE9000290D32 /* MailComposeView.swift */ = {isa = PBXFileReference; lastKnownFileType = sourcecode.swift; path = MailComposeView.swift; sourceTree = "<group>"; };
/* End PBXFileReference section */

/* Begin PBXFrameworksBuildPhase section */
		3EC9C9872AB0C67600B3480D /* Frameworks */ = {
			isa = PBXFrameworksBuildPhase;
			buildActionMask = 2147483647;
			files = (
			);
			runOnlyForDeploymentPostprocessing = 0;
		};
/* End PBXFrameworksBuildPhase section */

/* Begin PBXGroup section */
		3E068E342ADDAD100004B2D0 /* HomeView */ = {
			isa = PBXGroup;
			children = (
				3EE073332AD9397200D7BDCB /* HomeView.swift */,
			);
			path = HomeView;
			sourceTree = "<group>";
		};
		3E068E3C2ADECB270004B2D0 /* ProtocolPDF */ = {
			isa = PBXGroup;
			children = (
				3EE1394E2ADFCBDB00B4C6B4 /* ProtocolPDFView.swift */,
				3EE139502ADFCBEA00B4C6B4 /* ProtocolPDFViewModel.swift */,
				3E88174F2AE713FD00E0A83C /* Extensions.swift */,
				3EFA041A2AED564200290D32 /* ProtocolView.swift */,
			);
			path = ProtocolPDF;
			sourceTree = "<group>";
		};
		3E089E922AD45D0600C13B35 /* TableSpreadsheet */ = {
			isa = PBXGroup;
			children = (
				3E9CCCE92ABA07420076449B /* MainSpreadsheetView.swift */,
				3E67D8732ABDCD120067A078 /* SpreadsheetViewModel.swift */,
				3E1640082AB9FDCC0058D1CA /* DataSpreadsheetView.swift */,
				3E1640062AB492080058D1CA /* SpreadsheetView.swift */,
			);
			path = TableSpreadsheet;
			sourceTree = "<group>";
		};
		3E089E932AD45DAD00C13B35 /* HeaderSpreadsheet */ = {
			isa = PBXGroup;
			children = (
				3E089E8E2ACEEA6F00C13B35 /* HeaderDetailsSpreadsheetView.swift */,
				3E089E902AD149D500C13B35 /* HeaderDataSpreadsheetView.swift */,
				3E089E952AD45DEA00C13B35 /* MainHeaderSpreadsheetView.swift */,
				3EE0732D2AD56E5A00D7BDCB /* HeaderSpreadsheetViewModel.swift */,
			);
			path = HeaderSpreadsheet;
			sourceTree = "<group>";
		};
		3E089E972AD551A500C13B35 /* ProtocolData */ = {
			isa = PBXGroup;
			children = (
				3E089E982AD551E800C13B35 /* ProtocolData.swift */,
			);
			path = ProtocolData;
			sourceTree = "<group>";
		};
		3E1640002AB4236A0058D1CA /* Camera Components */ = {
			isa = PBXGroup;
			children = (
				3E163FF82AB34DF80058D1CA /* CaptureFirstImageView.swift */,
				3E163FFA2AB34E7E0058D1CA /* CaptureSecondImageView.swift */,
				3E163FFE2AB3501D0058D1CA /* DisplayBothImagesView.swift */,
				3E1640022AB453DA0058D1CA /* ImageFullScreenView.swift */,
				3E068E322ADDAAC90004B2D0 /* DisplayBothImagesExitView.swift */,
			);
			path = "Camera Components";
			sourceTree = "<group>";
		};
		3E1640012AB42FF00058D1CA /* Location */ = {
			isa = PBXGroup;
			children = (
				3EB82A562AB103E900A51574 /* LocationManager.swift */,
				3EB82A582AB2427200A51574 /* LocationData.swift */,
			);
			path = Location;
			sourceTree = "<group>";
		};
		3E1640042AB48EB50058D1CA /* CameraCapture */ = {
			isa = PBXGroup;
			children = (
				3EE073302AD82B7A00D7BDCB /* ExitImages */,
				3EE0732F2AD82AAB00D7BDCB /* EntryImages */,
				3EB82A542AB0F6B100A51574 /* ImagePickerView.swift */,
				3E163FF42AB260F10058D1CA /* CameraCaptureModelView.swift */,
				3E1640002AB4236A0058D1CA /* Camera Components */,
			);
			path = CameraCapture;
			sourceTree = "<group>";
		};
		3E1640052AB491F50058D1CA /* Spreadsheet */ = {
			isa = PBXGroup;
			children = (
				3E2B0D7A2AE987B5007A57B7 /* Graph */,
				3EE139522AE66E2900B4C6B4 /* Spreadsheet Components */,
				3E089E932AD45DAD00C13B35 /* HeaderSpreadsheet */,
				3E089E922AD45D0600C13B35 /* TableSpreadsheet */,
			);
			path = Spreadsheet;
			sourceTree = "<group>";
		};
		3E2B0D7A2AE987B5007A57B7 /* Graph */ = {
			isa = PBXGroup;
			children = (
				3E2B0D782AE98707007A57B7 /* GraphViewModel.swift */,
				3E2A03782AC2BD0800BD2FCA /* SpreadsheetGraphView.swift */,
			);
			path = Graph;
			sourceTree = "<group>";
		};
		3EB82A512AB0F0C700A51574 /* Camera */ = {
			isa = PBXGroup;
			children = (
				3E1640042AB48EB50058D1CA /* CameraCapture */,
				3E1640012AB42FF00058D1CA /* Location */,
			);
			path = Camera;
			sourceTree = "<group>";
		};
		3EC9C9812AB0C67600B3480D = {
			isa = PBXGroup;
			children = (
				3EC9C98C2AB0C67600B3480D /* Protocol */,
				3EC9C98B2AB0C67600B3480D /* Products */,
			);
			sourceTree = "<group>";
		};
		3EC9C98B2AB0C67600B3480D /* Products */ = {
			isa = PBXGroup;
			children = (
				3EC9C98A2AB0C67600B3480D /* Protocol.app */,
			);
			name = Products;
			sourceTree = "<group>";
		};
		3EC9C98C2AB0C67600B3480D /* Protocol */ = {
			isa = PBXGroup;
			children = (
				3EFA041C2AEEF7D600290D32 /* Email */,
				3E068E3C2ADECB270004B2D0 /* ProtocolPDF */,
				3E068E342ADDAD100004B2D0 /* HomeView */,
				3E089E972AD551A500C13B35 /* ProtocolData */,
				3E1640052AB491F50058D1CA /* Spreadsheet */,
				3EB82A512AB0F0C700A51574 /* Camera */,
				3EC9C98D2AB0C67600B3480D /* ProtocolApp.swift */,
				3EC9C98F2AB0C67600B3480D /* ContentView.swift */,
				3EC9C9912AB0C67700B3480D /* Assets.xcassets */,
				3EC9C9932AB0C67700B3480D /* Preview Content */,
			);
			path = Protocol;
			sourceTree = "<group>";
		};
		3EC9C9932AB0C67700B3480D /* Preview Content */ = {
			isa = PBXGroup;
			children = (
				3EC9C9942AB0C67700B3480D /* Preview Assets.xcassets */,
			);
			path = "Preview Content";
			sourceTree = "<group>";
		};
		3EE0732F2AD82AAB00D7BDCB /* EntryImages */ = {
			isa = PBXGroup;
			children = (
				3EB82A522AB0F69700A51574 /* EntryImagesView.swift */,
			);
			path = EntryImages;
			sourceTree = "<group>";
		};
		3EE073302AD82B7A00D7BDCB /* ExitImages */ = {
			isa = PBXGroup;
			children = (
				3EE073312AD82C0C00D7BDCB /* ExitImagesView.swift */,
			);
			path = ExitImages;
			sourceTree = "<group>";
		};
		3EE139522AE66E2900B4C6B4 /* Spreadsheet Components */ = {
			isa = PBXGroup;
			children = (
				3EE139532AE66E7800B4C6B4 /* TableSpreadsheetView.swift */,
				3E88174B2AE6C1B600E0A83C /* GraphView.swift */,
				3E88174D2AE6C28D00E0A83C /* HeaderSpreadsheetView.swift */,
			);
			path = "Spreadsheet Components";
			sourceTree = "<group>";
		};
		3EFA041C2AEEF7D600290D32 /* Email */ = {
			isa = PBXGroup;
			children = (
				3EFA041D2AEEF7E300290D32 /* EmailView.swift */,
				3EFA041F2AEEF93900290D32 /* EmailViewModel.swift */,
				3EFA04212AEFAE9000290D32 /* MailComposeView.swift */,
			);
			path = Email;
			sourceTree = "<group>";
		};
/* End PBXGroup section */

/* Begin PBXNativeTarget section */
		3EC9C9892AB0C67600B3480D /* Protocol */ = {
			isa = PBXNativeTarget;
			buildConfigurationList = 3EC9C9982AB0C67700B3480D /* Build configuration list for PBXNativeTarget "Protocol" */;
			buildPhases = (
				3EC9C9862AB0C67600B3480D /* Sources */,
				3EC9C9872AB0C67600B3480D /* Frameworks */,
				3EC9C9882AB0C67600B3480D /* Resources */,
			);
			buildRules = (
			);
			dependencies = (
			);
			name = Protocol;
			productName = Protocol;
			productReference = 3EC9C98A2AB0C67600B3480D /* Protocol.app */;
			productType = "com.apple.product-type.application";
		};
/* End PBXNativeTarget section */

/* Begin PBXProject section */
		3EC9C9822AB0C67600B3480D /* Project object */ = {
			isa = PBXProject;
			attributes = {
				BuildIndependentTargetsInParallel = 1;
				LastSwiftUpdateCheck = 1430;
				LastUpgradeCheck = 1430;
				TargetAttributes = {
					3EC9C9892AB0C67600B3480D = {
						CreatedOnToolsVersion = 14.3.1;
					};
				};
			};
			buildConfigurationList = 3EC9C9852AB0C67600B3480D /* Build configuration list for PBXProject "Protocol" */;
			compatibilityVersion = "Xcode 14.0";
			developmentRegion = en;
			hasScannedForEncodings = 0;
			knownRegions = (
				en,
				Base,
			);
			mainGroup = 3EC9C9812AB0C67600B3480D;
			productRefGroup = 3EC9C98B2AB0C67600B3480D /* Products */;
			projectDirPath = "";
			projectRoot = "";
			targets = (
				3EC9C9892AB0C67600B3480D /* Protocol */,
			);
		};
/* End PBXProject section */

/* Begin PBXResourcesBuildPhase section */
		3EC9C9882AB0C67600B3480D /* Resources */ = {
			isa = PBXResourcesBuildPhase;
			buildActionMask = 2147483647;
			files = (
				3EC9C9952AB0C67700B3480D /* Preview Assets.xcassets in Resources */,
				3EC9C9922AB0C67700B3480D /* Assets.xcassets in Resources */,
			);
			runOnlyForDeploymentPostprocessing = 0;
		};
/* End PBXResourcesBuildPhase section */

/* Begin PBXSourcesBuildPhase section */
		3EC9C9862AB0C67600B3480D /* Sources */ = {
			isa = PBXSourcesBuildPhase;
			buildActionMask = 2147483647;
			files = (
				3EB82A592AB2427200A51574 /* LocationData.swift in Sources */,
				3E2A03792AC2BD0800BD2FCA /* SpreadsheetGraphView.swift in Sources */,
				3EE0732E2AD56E5A00D7BDCB /* HeaderSpreadsheetViewModel.swift in Sources */,
				3E089E992AD551E800C13B35 /* ProtocolData.swift in Sources */,
				3E1640092AB9FDCC0058D1CA /* DataSpreadsheetView.swift in Sources */,
				3EE1394F2ADFCBDB00B4C6B4 /* ProtocolPDFView.swift in Sources */,
				3EB82A552AB0F6B100A51574 /* ImagePickerView.swift in Sources */,
				3E88174E2AE6C28D00E0A83C /* HeaderSpreadsheetView.swift in Sources */,
				3E1640032AB453DA0058D1CA /* ImageFullScreenView.swift in Sources */,
				3EFA04222AEFAE9000290D32 /* MailComposeView.swift in Sources */,
				3E163FF92AB34DF80058D1CA /* CaptureFirstImageView.swift in Sources */,
				3E2B0D792AE98707007A57B7 /* GraphViewModel.swift in Sources */,
				3EE073322AD82C0C00D7BDCB /* ExitImagesView.swift in Sources */,
				3EB82A532AB0F69700A51574 /* EntryImagesView.swift in Sources */,
				3E163FFB2AB34E7E0058D1CA /* CaptureSecondImageView.swift in Sources */,
				3EFA041E2AEEF7E300290D32 /* EmailView.swift in Sources */,
				3E089E8F2ACEEA6F00C13B35 /* HeaderDetailsSpreadsheetView.swift in Sources */,
				3E163FFF2AB3501D0058D1CA /* DisplayBothImagesView.swift in Sources */,
				3E67D8742ABDCD120067A078 /* SpreadsheetViewModel.swift in Sources */,
				3EE139512ADFCBEA00B4C6B4 /* ProtocolPDFViewModel.swift in Sources */,
				3E089E912AD149D500C13B35 /* HeaderDataSpreadsheetView.swift in Sources */,
				3E163FF52AB260F10058D1CA /* CameraCaptureModelView.swift in Sources */,
				3EFA04202AEEF93900290D32 /* EmailViewModel.swift in Sources */,
				3EE139542AE66E7800B4C6B4 /* TableSpreadsheetView.swift in Sources */,
				3E068E332ADDAAC90004B2D0 /* DisplayBothImagesExitView.swift in Sources */,
				3EB82A572AB103E900A51574 /* LocationManager.swift in Sources */,
				3E089E962AD45DEA00C13B35 /* MainHeaderSpreadsheetView.swift in Sources */,
				3E9CCCEA2ABA07420076449B /* MainSpreadsheetView.swift in Sources */,
				3E88174C2AE6C1B600E0A83C /* GraphView.swift in Sources */,
				3E8817502AE713FD00E0A83C /* Extensions.swift in Sources */,
				3EC9C9902AB0C67600B3480D /* ContentView.swift in Sources */,
				3EC9C98E2AB0C67600B3480D /* ProtocolApp.swift in Sources */,
				3EFA041B2AED564200290D32 /* ProtocolView.swift in Sources */,
				3EE073342AD9397200D7BDCB /* HomeView.swift in Sources */,
				3E1640072AB492080058D1CA /* SpreadsheetView.swift in Sources */,
			);
			runOnlyForDeploymentPostprocessing = 0;
		};
/* End PBXSourcesBuildPhase section */

/* Begin XCBuildConfiguration section */
		3EC9C9962AB0C67700B3480D /* Debug */ = {
			isa = XCBuildConfiguration;
			buildSettings = {
				ALWAYS_SEARCH_USER_PATHS = NO;
				CLANG_ANALYZER_NONNULL = YES;
				CLANG_ANALYZER_NUMBER_OBJECT_CONVERSION = YES_AGGRESSIVE;
				CLANG_CXX_LANGUAGE_STANDARD = "gnu++20";
				CLANG_ENABLE_MODULES = YES;
				CLANG_ENABLE_OBJC_ARC = YES;
				CLANG_ENABLE_OBJC_WEAK = YES;
				CLANG_WARN_BLOCK_CAPTURE_AUTORELEASING = YES;
				CLANG_WARN_BOOL_CONVERSION = YES;
				CLANG_WARN_COMMA = YES;
				CLANG_WARN_CONSTANT_CONVERSION = YES;
				CLANG_WARN_DEPRECATED_OBJC_IMPLEMENTATIONS = YES;
				CLANG_WARN_DIRECT_OBJC_ISA_USAGE = YES_ERROR;
				CLANG_WARN_DOCUMENTATION_COMMENTS = YES;
				CLANG_WARN_EMPTY_BODY = YES;
				CLANG_WARN_ENUM_CONVERSION = YES;
				CLANG_WARN_INFINITE_RECURSION = YES;
				CLANG_WARN_INT_CONVERSION = YES;
				CLANG_WARN_NON_LITERAL_NULL_CONVERSION = YES;
				CLANG_WARN_OBJC_IMPLICIT_RETAIN_SELF = YES;
				CLANG_WARN_OBJC_LITERAL_CONVERSION = YES;
				CLANG_WARN_OBJC_ROOT_CLASS = YES_ERROR;
				CLANG_WARN_QUOTED_INCLUDE_IN_FRAMEWORK_HEADER = YES;
				CLANG_WARN_RANGE_LOOP_ANALYSIS = YES;
				CLANG_WARN_STRICT_PROTOTYPES = YES;
				CLANG_WARN_SUSPICIOUS_MOVE = YES;
				CLANG_WARN_UNGUARDED_AVAILABILITY = YES_AGGRESSIVE;
				CLANG_WARN_UNREACHABLE_CODE = YES;
				CLANG_WARN__DUPLICATE_METHOD_MATCH = YES;
				COPY_PHASE_STRIP = NO;
				DEBUG_INFORMATION_FORMAT = dwarf;
				ENABLE_STRICT_OBJC_MSGSEND = YES;
				ENABLE_TESTABILITY = YES;
				GCC_C_LANGUAGE_STANDARD = gnu11;
				GCC_DYNAMIC_NO_PIC = NO;
				GCC_NO_COMMON_BLOCKS = YES;
				GCC_OPTIMIZATION_LEVEL = 0;
				GCC_PREPROCESSOR_DEFINITIONS = (
					"DEBUG=1",
					"$(inherited)",
				);
				GCC_WARN_64_TO_32_BIT_CONVERSION = YES;
				GCC_WARN_ABOUT_RETURN_TYPE = YES_ERROR;
				GCC_WARN_UNDECLARED_SELECTOR = YES;
				GCC_WARN_UNINITIALIZED_AUTOS = YES_AGGRESSIVE;
				GCC_WARN_UNUSED_FUNCTION = YES;
				GCC_WARN_UNUSED_VARIABLE = YES;
				IPHONEOS_DEPLOYMENT_TARGET = 16.4;
				MTL_ENABLE_DEBUG_INFO = INCLUDE_SOURCE;
				MTL_FAST_MATH = YES;
				ONLY_ACTIVE_ARCH = YES;
				SDKROOT = iphoneos;
				SWIFT_ACTIVE_COMPILATION_CONDITIONS = DEBUG;
				SWIFT_OPTIMIZATION_LEVEL = "-Onone";
			};
			name = Debug;
		};
		3EC9C9972AB0C67700B3480D /* Release */ = {
			isa = XCBuildConfiguration;
			buildSettings = {
				ALWAYS_SEARCH_USER_PATHS = NO;
				CLANG_ANALYZER_NONNULL = YES;
				CLANG_ANALYZER_NUMBER_OBJECT_CONVERSION = YES_AGGRESSIVE;
				CLANG_CXX_LANGUAGE_STANDARD = "gnu++20";
				CLANG_ENABLE_MODULES = YES;
				CLANG_ENABLE_OBJC_ARC = YES;
				CLANG_ENABLE_OBJC_WEAK = YES;
				CLANG_WARN_BLOCK_CAPTURE_AUTORELEASING = YES;
				CLANG_WARN_BOOL_CONVERSION = YES;
				CLANG_WARN_COMMA = YES;
				CLANG_WARN_CONSTANT_CONVERSION = YES;
				CLANG_WARN_DEPRECATED_OBJC_IMPLEMENTATIONS = YES;
				CLANG_WARN_DIRECT_OBJC_ISA_USAGE = YES_ERROR;
				CLANG_WARN_DOCUMENTATION_COMMENTS = YES;
				CLANG_WARN_EMPTY_BODY = YES;
				CLANG_WARN_ENUM_CONVERSION = YES;
				CLANG_WARN_INFINITE_RECURSION = YES;
				CLANG_WARN_INT_CONVERSION = YES;
				CLANG_WARN_NON_LITERAL_NULL_CONVERSION = YES;
				CLANG_WARN_OBJC_IMPLICIT_RETAIN_SELF = YES;
				CLANG_WARN_OBJC_LITERAL_CONVERSION = YES;
				CLANG_WARN_OBJC_ROOT_CLASS = YES_ERROR;
				CLANG_WARN_QUOTED_INCLUDE_IN_FRAMEWORK_HEADER = YES;
				CLANG_WARN_RANGE_LOOP_ANALYSIS = YES;
				CLANG_WARN_STRICT_PROTOTYPES = YES;
				CLANG_WARN_SUSPICIOUS_MOVE = YES;
				CLANG_WARN_UNGUARDED_AVAILABILITY = YES_AGGRESSIVE;
				CLANG_WARN_UNREACHABLE_CODE = YES;
				CLANG_WARN__DUPLICATE_METHOD_MATCH = YES;
				COPY_PHASE_STRIP = NO;
				DEBUG_INFORMATION_FORMAT = "dwarf-with-dsym";
				ENABLE_NS_ASSERTIONS = NO;
				ENABLE_STRICT_OBJC_MSGSEND = YES;
				GCC_C_LANGUAGE_STANDARD = gnu11;
				GCC_NO_COMMON_BLOCKS = YES;
				GCC_WARN_64_TO_32_BIT_CONVERSION = YES;
				GCC_WARN_ABOUT_RETURN_TYPE = YES_ERROR;
				GCC_WARN_UNDECLARED_SELECTOR = YES;
				GCC_WARN_UNINITIALIZED_AUTOS = YES_AGGRESSIVE;
				GCC_WARN_UNUSED_FUNCTION = YES;
				GCC_WARN_UNUSED_VARIABLE = YES;
				IPHONEOS_DEPLOYMENT_TARGET = 16.4;
				MTL_ENABLE_DEBUG_INFO = NO;
				MTL_FAST_MATH = YES;
				SDKROOT = iphoneos;
				SWIFT_COMPILATION_MODE = wholemodule;
				SWIFT_OPTIMIZATION_LEVEL = "-O";
				VALIDATE_PRODUCT = YES;
			};
			name = Release;
		};
		3EC9C9992AB0C67700B3480D /* Debug */ = {
			isa = XCBuildConfiguration;
			buildSettings = {
				ASSETCATALOG_COMPILER_APPICON_NAME = AppIcon;
				ASSETCATALOG_COMPILER_GLOBAL_ACCENT_COLOR_NAME = AccentColor;
				CODE_SIGN_STYLE = Automatic;
				CURRENT_PROJECT_VERSION = 1;
				DEVELOPMENT_ASSET_PATHS = "\"Protocol/Preview Content\"";
				DEVELOPMENT_TEAM = 7D837Q8LBZ;
				ENABLE_PREVIEWS = YES;
				GENERATE_INFOPLIST_FILE = YES;
				INFOPLIST_KEY_NSCameraUsageDescription = "Protocol Need Camera to Take Photos Within The App";
				INFOPLIST_KEY_NSDocumentsFolderUsageDescription = "Protocol Need To Download The PDF In Files";
				INFOPLIST_KEY_NSDownloadsFolderUsageDescription = "Protocol Need To Download The PDF In Files";
				INFOPLIST_KEY_NSLocationAlwaysAndWhenInUseUsageDescription = "Protocol Need the Location to Use the Data for Photos";
				INFOPLIST_KEY_NSLocationWhenInUseUsageDescription = "Protocol Need the Location to Use the Data for Photos";
				INFOPLIST_KEY_NSPhotoLibraryAddUsageDescription = "In order to save the image";
				INFOPLIST_KEY_NSPhotoLibraryUsageDescription = "In order to create a custom photo with the location details";
				INFOPLIST_KEY_UIApplicationSceneManifest_Generation = YES;
				INFOPLIST_KEY_UIApplicationSupportsIndirectInputEvents = YES;
				INFOPLIST_KEY_UILaunchScreen_Generation = YES;
				INFOPLIST_KEY_UISupportedInterfaceOrientations_iPad = "UIInterfaceOrientationPortrait UIInterfaceOrientationPortraitUpsideDown UIInterfaceOrientationLandscapeLeft UIInterfaceOrientationLandscapeRight";
				INFOPLIST_KEY_UISupportedInterfaceOrientations_iPhone = "UIInterfaceOrientationPortrait UIInterfaceOrientationLandscapeLeft UIInterfaceOrientationLandscapeRight";
				IPHONEOS_DEPLOYMENT_TARGET = 17.0;
				LD_RUNPATH_SEARCH_PATHS = (
					"$(inherited)",
					"@executable_path/Frameworks",
				);
				MARKETING_VERSION = 1.0;
				PRODUCT_BUNDLE_IDENTIFIER = com.serb.Protocol;
				PRODUCT_NAME = "$(TARGET_NAME)";
				SWIFT_EMIT_LOC_STRINGS = YES;
				SWIFT_VERSION = 5.0;
				TARGETED_DEVICE_FAMILY = "1,2";
			};
			name = Debug;
		};
		3EC9C99A2AB0C67700B3480D /* Release */ = {
			isa = XCBuildConfiguration;
			buildSettings = {
				ASSETCATALOG_COMPILER_APPICON_NAME = AppIcon;
				ASSETCATALOG_COMPILER_GLOBAL_ACCENT_COLOR_NAME = AccentColor;
				CODE_SIGN_STYLE = Automatic;
				CURRENT_PROJECT_VERSION = 1;
				DEVELOPMENT_ASSET_PATHS = "\"Protocol/Preview Content\"";
				DEVELOPMENT_TEAM = 7D837Q8LBZ;
				ENABLE_PREVIEWS = YES;
				GENERATE_INFOPLIST_FILE = YES;
				INFOPLIST_KEY_NSCameraUsageDescription = "Protocol Need Camera to Take Photos Within The App";
				INFOPLIST_KEY_NSDocumentsFolderUsageDescription = "Protocol Need To Download The PDF In Files";
				INFOPLIST_KEY_NSDownloadsFolderUsageDescription = "Protocol Need To Download The PDF In Files";
				INFOPLIST_KEY_NSLocationAlwaysAndWhenInUseUsageDescription = "Protocol Need the Location to Use the Data for Photos";
				INFOPLIST_KEY_NSLocationWhenInUseUsageDescription = "Protocol Need the Location to Use the Data for Photos";
				INFOPLIST_KEY_NSPhotoLibraryAddUsageDescription = "In order to save the image";
				INFOPLIST_KEY_NSPhotoLibraryUsageDescription = "In order to create a custom photo with the location details";
				INFOPLIST_KEY_UIApplicationSceneManifest_Generation = YES;
				INFOPLIST_KEY_UIApplicationSupportsIndirectInputEvents = YES;
				INFOPLIST_KEY_UILaunchScreen_Generation = YES;
				INFOPLIST_KEY_UISupportedInterfaceOrientations_iPad = "UIInterfaceOrientationPortrait UIInterfaceOrientationPortraitUpsideDown UIInterfaceOrientationLandscapeLeft UIInterfaceOrientationLandscapeRight";
				INFOPLIST_KEY_UISupportedInterfaceOrientations_iPhone = "UIInterfaceOrientationPortrait UIInterfaceOrientationLandscapeLeft UIInterfaceOrientationLandscapeRight";
				IPHONEOS_DEPLOYMENT_TARGET = 17.0;
				LD_RUNPATH_SEARCH_PATHS = (
					"$(inherited)",
					"@executable_path/Frameworks",
				);
				MARKETING_VERSION = 1.0;
				PRODUCT_BUNDLE_IDENTIFIER = com.serb.Protocol;
				PRODUCT_NAME = "$(TARGET_NAME)";
				SWIFT_EMIT_LOC_STRINGS = YES;
				SWIFT_VERSION = 5.0;
				TARGETED_DEVICE_FAMILY = "1,2";
			};
			name = Release;
		};
/* End XCBuildConfiguration section */

/* Begin XCConfigurationList section */
		3EC9C9852AB0C67600B3480D /* Build configuration list for PBXProject "Protocol" */ = {
			isa = XCConfigurationList;
			buildConfigurations = (
				3EC9C9962AB0C67700B3480D /* Debug */,
				3EC9C9972AB0C67700B3480D /* Release */,
			);
			defaultConfigurationIsVisible = 0;
			defaultConfigurationName = Release;
		};
		3EC9C9982AB0C67700B3480D /* Build configuration list for PBXNativeTarget "Protocol" */ = {
			isa = XCConfigurationList;
			buildConfigurations = (
				3EC9C9992AB0C67700B3480D /* Debug */,
				3EC9C99A2AB0C67700B3480D /* Release */,
			);
			defaultConfigurationIsVisible = 0;
			defaultConfigurationName = Release;
		};
/* End XCConfigurationList section */
	};
	rootObject = 3EC9C9822AB0C67600B3480D /* Project object */;
}
